
Microsoft Visual Studio Solution File, Format Version 12.00
# Visual Studio Version 17
VisualStudioVersion = 17.9.34902.65
MinimumVisualStudioVersion = 10.0.40219.1
Project("{FAE04EC0-301F-11D3-BF4B-00C04F79EFBC}") = "portal-cris-proxy", "portal-cris-proxy\portal-cris-proxy.csproj", "{52168B6F-06C0-490A-9347-3765344EC65D}"
EndProject
Global
	GlobalSection(SolutionConfigurationPlatforms) = preSolution
		Debug|Any CPU = Debug|Any CPU
		Release|Any CPU = Release|Any CPU
	EndGlobalSection
	GlobalSection(ProjectConfigurationPlatforms) = postSolution
		{52168B6F-06C0-490A-9347-3765344EC65D}.Debug|Any CPU.ActiveCfg = Debug|Any CPU
		{52168B6F-06C0-490A-9347-3765344EC65D}.Debug|Any CPU.Build.0 = Debug|Any CPU
		{52168B6F-06C0-490A-9347-3765344EC65D}.Release|Any CPU.ActiveCfg = Release|Any CPU
		{52168B6F-06C0-490A-9347-3765344EC65D}.Release|Any CPU.Build.0 = Release|Any CPU
	EndGlobalSection
	GlobalSection(SolutionProperties) = preSolution
		HideSolutionNode = FALSE
	EndGlobalSection
	GlobalSection(ExtensibilityGlobals) = postSolution
		SolutionGuid = {6FE128A2-9F68-432D-A9FB-15DF8A43BB7A}
	EndGlobalSection
EndGlobal
